
Microsoft Visual Studio Solution File, Format Version 12.00
# Visual Studio Version 17
VisualStudioVersion = 17.4.33122.133
MinimumVisualStudioVersion = 10.0.40219.1
Project("{FAE04EC0-301F-11D3-BF4B-00C04F79EFBC}") = "abdullahyucel", "abdullahyucel\abdullahyucel.csproj", "{FF28F1D9-81BF-4E5F-820D-9E4B3390FDC4}"
EndProject
Global
	GlobalSection(SolutionConfigurationPlatforms) = preSolution
		Debug|Any CPU = Debug|Any CPU
		Release|Any CPU = Release|Any CPU
	EndGlobalSection
	GlobalSection(ProjectConfigurationPlatforms) = postSolution
		{FF28F1D9-81BF-4E5F-820D-9E4B3390FDC4}.Debug|Any CPU.ActiveCfg = Debug|Any CPU
		{FF28F1D9-81BF-4E5F-820D-9E4B3390FDC4}.Debug|Any CPU.Build.0 = Debug|Any CPU
		{FF28F1D9-81BF-4E5F-820D-9E4B3390FDC4}.Release|Any CPU.ActiveCfg = Release|Any CPU
		{FF28F1D9-81BF-4E5F-820D-9E4B3390FDC4}.Release|Any CPU.Build.0 = Release|Any CPU
	EndGlobalSection
	GlobalSection(SolutionProperties) = preSolution
		HideSolutionNode = FALSE
	EndGlobalSection
	GlobalSection(ExtensibilityGlobals) = postSolution
		SolutionGuid = {7BB01D73-3C81-4224-8738-4ED46AFD3810}
	EndGlobalSection
EndGlobal
